// !$*UTF8*$!
{
	archiveVersion = 1;
	classes = {
	};
	objectVersion = 48;
	objects = {

/* Begin PBXBuildFile section */
		4566C76A1FB4B87A00D71ED6 /* UIColor+.swift in Sources */ = {isa = PBXBuildFile; fileRef = 4566C7691FB4B87A00D71ED6 /* UIColor+.swift */; };
		45936A641FADD4CB0066EF2C /* AppDelegate.swift in Sources */ = {isa = PBXBuildFile; fileRef = 45936A631FADD4CB0066EF2C /* AppDelegate.swift */; };
		45936A6B1FADD4CB0066EF2C /* Main.storyboard in Resources */ = {isa = PBXBuildFile; fileRef = 45936A691FADD4CB0066EF2C /* Main.storyboard */; };
		45936A6D1FADD4CB0066EF2C /* Assets.xcassets in Resources */ = {isa = PBXBuildFile; fileRef = 45936A6C1FADD4CB0066EF2C /* Assets.xcassets */; };
		45936A701FADD4CB0066EF2C /* LaunchScreen.storyboard in Resources */ = {isa = PBXBuildFile; fileRef = 45936A6E1FADD4CB0066EF2C /* LaunchScreen.storyboard */; };
		45EF9A911FB4DCE700AF6A3B /* Constants.swift in Sources */ = {isa = PBXBuildFile; fileRef = 45EF9A901FB4DCE700AF6A3B /* Constants.swift */; };
		45FCEC5B1FB8054A00D7A0A3 /* ProfileImageTableViewCell.swift in Sources */ = {isa = PBXBuildFile; fileRef = 45FCEC591FB8054900D7A0A3 /* ProfileImageTableViewCell.swift */; };
		45FCEC5C1FB8054A00D7A0A3 /* ProfileImageTableViewCell.xib in Resources */ = {isa = PBXBuildFile; fileRef = 45FCEC5A1FB8054900D7A0A3 /* ProfileImageTableViewCell.xib */; };
		45FCEC611FB8055600D7A0A3 /* BeaconManager.swift in Sources */ = {isa = PBXBuildFile; fileRef = 45FCEC5E1FB8055600D7A0A3 /* BeaconManager.swift */; };
		45FCEC621FB8055600D7A0A3 /* DataManager.swift in Sources */ = {isa = PBXBuildFile; fileRef = 45FCEC5F1FB8055600D7A0A3 /* DataManager.swift */; };
		45FCEC631FB8055600D7A0A3 /* KisiDoorManager.swift in Sources */ = {isa = PBXBuildFile; fileRef = 45FCEC601FB8055600D7A0A3 /* KisiDoorManager.swift */; };
		45FCEC6C1FB8056D00D7A0A3 /* ProfileViewController.swift in Sources */ = {isa = PBXBuildFile; fileRef = 45FCEC6A1FB8056D00D7A0A3 /* ProfileViewController.swift */; };
		45FCEC6D1FB8056D00D7A0A3 /* ReceiverViewController.swift in Sources */ = {isa = PBXBuildFile; fileRef = 45FCEC6B1FB8056D00D7A0A3 /* ReceiverViewController.swift */; };
		45FCEC701FB8058200D7A0A3 /* CustomLockView.swift in Sources */ = {isa = PBXBuildFile; fileRef = 45FCEC6F1FB8058200D7A0A3 /* CustomLockView.swift */; };
		45FCEC731FB805A000D7A0A3 /* User.swift in Sources */ = {isa = PBXBuildFile; fileRef = 45FCEC721FB805A000D7A0A3 /* User.swift */; };
		45FCEC791FB808AB00D7A0A3 /* Data.xcdatamodeld in Sources */ = {isa = PBXBuildFile; fileRef = 45FCEC751FB808AA00D7A0A3 /* Data.xcdatamodeld */; };
		45FCEC7A1FB808AB00D7A0A3 /* DataModel.xcdatamodeld in Sources */ = {isa = PBXBuildFile; fileRef = 45FCEC771FB808AA00D7A0A3 /* DataModel.xcdatamodeld */; };
		45FCEC7C1FB82ACE00D7A0A3 /* Door.swift in Sources */ = {isa = PBXBuildFile; fileRef = 45FCEC7B1FB82ACE00D7A0A3 /* Door.swift */; };
		45FCEC7E1FB82B6600D7A0A3 /* KisiError.swift in Sources */ = {isa = PBXBuildFile; fileRef = 45FCEC7D1FB82B6600D7A0A3 /* KisiError.swift */; };
/* End PBXBuildFile section */

/* Begin PBXFileReference section */
		4566C7691FB4B87A00D71ED6 /* UIColor+.swift */ = {isa = PBXFileReference; lastKnownFileType = sourcecode.swift; path = "UIColor+.swift"; sourceTree = "<group>"; };
		45936A601FADD4CB0066EF2C /* KisiBeacon.app */ = {isa = PBXFileReference; explicitFileType = wrapper.application; includeInIndex = 0; path = KisiBeacon.app; sourceTree = BUILT_PRODUCTS_DIR; };
		45936A631FADD4CB0066EF2C /* AppDelegate.swift */ = {isa = PBXFileReference; lastKnownFileType = sourcecode.swift; path = AppDelegate.swift; sourceTree = "<group>"; };
		45936A6A1FADD4CB0066EF2C /* Base */ = {isa = PBXFileReference; lastKnownFileType = file.storyboard; name = Base; path = Base.lproj/Main.storyboard; sourceTree = "<group>"; };
		45936A6C1FADD4CB0066EF2C /* Assets.xcassets */ = {isa = PBXFileReference; lastKnownFileType = folder.assetcatalog; path = Assets.xcassets; sourceTree = "<group>"; };
		45936A6F1FADD4CB0066EF2C /* Base */ = {isa = PBXFileReference; lastKnownFileType = file.storyboard; name = Base; path = Base.lproj/LaunchScreen.storyboard; sourceTree = "<group>"; };
		45936A711FADD4CB0066EF2C /* Info.plist */ = {isa = PBXFileReference; lastKnownFileType = text.plist.xml; path = Info.plist; sourceTree = "<group>"; };
		45EF9A901FB4DCE700AF6A3B /* Constants.swift */ = {isa = PBXFileReference; lastKnownFileType = sourcecode.swift; path = Constants.swift; sourceTree = "<group>"; };
		45FCEC591FB8054900D7A0A3 /* ProfileImageTableViewCell.swift */ = {isa = PBXFileReference; fileEncoding = 4; lastKnownFileType = sourcecode.swift; path = ProfileImageTableViewCell.swift; sourceTree = "<group>"; };
		45FCEC5A1FB8054900D7A0A3 /* ProfileImageTableViewCell.xib */ = {isa = PBXFileReference; fileEncoding = 4; lastKnownFileType = file.xib; path = ProfileImageTableViewCell.xib; sourceTree = "<group>"; };
		45FCEC5E1FB8055600D7A0A3 /* BeaconManager.swift */ = {isa = PBXFileReference; fileEncoding = 4; lastKnownFileType = sourcecode.swift; path = BeaconManager.swift; sourceTree = "<group>"; };
		45FCEC5F1FB8055600D7A0A3 /* DataManager.swift */ = {isa = PBXFileReference; fileEncoding = 4; lastKnownFileType = sourcecode.swift; path = DataManager.swift; sourceTree = "<group>"; };
		45FCEC601FB8055600D7A0A3 /* KisiDoorManager.swift */ = {isa = PBXFileReference; fileEncoding = 4; lastKnownFileType = sourcecode.swift; path = KisiDoorManager.swift; sourceTree = "<group>"; };
		45FCEC6A1FB8056D00D7A0A3 /* ProfileViewController.swift */ = {isa = PBXFileReference; fileEncoding = 4; lastKnownFileType = sourcecode.swift; path = ProfileViewController.swift; sourceTree = "<group>"; };
		45FCEC6B1FB8056D00D7A0A3 /* ReceiverViewController.swift */ = {isa = PBXFileReference; fileEncoding = 4; lastKnownFileType = sourcecode.swift; path = ReceiverViewController.swift; sourceTree = "<group>"; };
		45FCEC6F1FB8058200D7A0A3 /* CustomLockView.swift */ = {isa = PBXFileReference; fileEncoding = 4; lastKnownFileType = sourcecode.swift; path = CustomLockView.swift; sourceTree = "<group>"; };
		45FCEC721FB805A000D7A0A3 /* User.swift */ = {isa = PBXFileReference; fileEncoding = 4; lastKnownFileType = sourcecode.swift; path = User.swift; sourceTree = "<group>"; };
		45FCEC761FB808AA00D7A0A3 /* Data.xcdatamodel */ = {isa = PBXFileReference; lastKnownFileType = wrapper.xcdatamodel; path = Data.xcdatamodel; sourceTree = "<group>"; };
		45FCEC781FB808AA00D7A0A3 /* Database.xcdatamodel */ = {isa = PBXFileReference; lastKnownFileType = wrapper.xcdatamodel; path = Database.xcdatamodel; sourceTree = "<group>"; };
		45FCEC7B1FB82ACE00D7A0A3 /* Door.swift */ = {isa = PBXFileReference; lastKnownFileType = sourcecode.swift; path = Door.swift; sourceTree = "<group>"; };
		45FCEC7D1FB82B6600D7A0A3 /* KisiError.swift */ = {isa = PBXFileReference; lastKnownFileType = sourcecode.swift; path = KisiError.swift; sourceTree = "<group>"; };
/* End PBXFileReference section */

/* Begin PBXFrameworksBuildPhase section */
		45936A5D1FADD4CB0066EF2C /* Frameworks */ = {
			isa = PBXFrameworksBuildPhase;
			buildActionMask = 2147483647;
			files = (
			);
			runOnlyForDeploymentPostprocessing = 0;
		};
/* End PBXFrameworksBuildPhase section */

/* Begin PBXGroup section */
		4566C7681FB4B83E00D71ED6 /* Extensions */ = {
			isa = PBXGroup;
			children = (
				4566C7691FB4B87A00D71ED6 /* UIColor+.swift */,
				45FCEC7D1FB82B6600D7A0A3 /* KisiError.swift */,
			);
			path = Extensions;
			sourceTree = "<group>";
		};
		45936A571FADD4CB0066EF2C = {
			isa = PBXGroup;
			children = (
				45936A621FADD4CB0066EF2C /* KisiBeacon */,
				45936A611FADD4CB0066EF2C /* Products */,
			);
			sourceTree = "<group>";
		};
		45936A611FADD4CB0066EF2C /* Products */ = {
			isa = PBXGroup;
			children = (
				45936A601FADD4CB0066EF2C /* KisiBeacon.app */,
			);
			name = Products;
			sourceTree = "<group>";
		};
		45936A621FADD4CB0066EF2C /* KisiBeacon */ = {
			isa = PBXGroup;
			children = (
				4566C7681FB4B83E00D71ED6 /* Extensions */,
				45936A631FADD4CB0066EF2C /* AppDelegate.swift */,
				45936A691FADD4CB0066EF2C /* Main.storyboard */,
				45936A6C1FADD4CB0066EF2C /* Assets.xcassets */,
				45936A6E1FADD4CB0066EF2C /* LaunchScreen.storyboard */,
				45936A711FADD4CB0066EF2C /* Info.plist */,
				45EF9A901FB4DCE700AF6A3B /* Constants.swift */,
				45FCEC741FB808AA00D7A0A3 /* DataModel */,
				45FCEC711FB805A000D7A0A3 /* Model */,
				45FCEC6E1FB8058200D7A0A3 /* CustomViews */,
				45FCEC691FB8056D00D7A0A3 /* ViewControllers */,
				45FCEC5D1FB8055600D7A0A3 /* Managers */,
				45FCEC581FB8054900D7A0A3 /* CustomCells */,
			);
			path = KisiBeacon;
			sourceTree = "<group>";
		};
		45FCEC581FB8054900D7A0A3 /* CustomCells */ = {
			isa = PBXGroup;
			children = (
				45FCEC591FB8054900D7A0A3 /* ProfileImageTableViewCell.swift */,
				45FCEC5A1FB8054900D7A0A3 /* ProfileImageTableViewCell.xib */,
			);
			path = CustomCells;
			sourceTree = "<group>";
		};
		45FCEC5D1FB8055600D7A0A3 /* Managers */ = {
			isa = PBXGroup;
			children = (
				45FCEC5E1FB8055600D7A0A3 /* BeaconManager.swift */,
				45FCEC5F1FB8055600D7A0A3 /* DataManager.swift */,
				45FCEC601FB8055600D7A0A3 /* KisiDoorManager.swift */,
			);
			path = Managers;
			sourceTree = "<group>";
		};
		45FCEC691FB8056D00D7A0A3 /* ViewControllers */ = {
			isa = PBXGroup;
			children = (
				45FCEC6A1FB8056D00D7A0A3 /* ProfileViewController.swift */,
				45FCEC6B1FB8056D00D7A0A3 /* ReceiverViewController.swift */,
			);
			path = ViewControllers;
			sourceTree = "<group>";
		};
		45FCEC6E1FB8058200D7A0A3 /* CustomViews */ = {
			isa = PBXGroup;
			children = (
				45FCEC6F1FB8058200D7A0A3 /* CustomLockView.swift */,
			);
			path = CustomViews;
			sourceTree = "<group>";
		};
		45FCEC711FB805A000D7A0A3 /* Model */ = {
			isa = PBXGroup;
			children = (
				45FCEC721FB805A000D7A0A3 /* User.swift */,
				45FCEC7B1FB82ACE00D7A0A3 /* Door.swift */,
			);
			path = Model;
			sourceTree = "<group>";
		};
		45FCEC741FB808AA00D7A0A3 /* DataModel */ = {
			isa = PBXGroup;
			children = (
				45FCEC751FB808AA00D7A0A3 /* Data.xcdatamodeld */,
				45FCEC771FB808AA00D7A0A3 /* DataModel.xcdatamodeld */,
			);
			path = DataModel;
			sourceTree = "<group>";
		};
/* End PBXGroup section */

/* Begin PBXNativeTarget section */
		45936A5F1FADD4CB0066EF2C /* KisiBeacon */ = {
			isa = PBXNativeTarget;
			buildConfigurationList = 45936A8A1FADD4CC0066EF2C /* Build configuration list for PBXNativeTarget "KisiBeacon" */;
			buildPhases = (
				45936A5C1FADD4CB0066EF2C /* Sources */,
				45936A5D1FADD4CB0066EF2C /* Frameworks */,
				45936A5E1FADD4CB0066EF2C /* Resources */,
			);
			buildRules = (
			);
			dependencies = (
			);
			name = KisiBeacon;
			productName = KisiBeacon;
			productReference = 45936A601FADD4CB0066EF2C /* KisiBeacon.app */;
			productType = "com.apple.product-type.application";
		};
/* End PBXNativeTarget section */

/* Begin PBXProject section */
		45936A581FADD4CB0066EF2C /* Project object */ = {
			isa = PBXProject;
			attributes = {
				LastSwiftUpdateCheck = 0910;
				LastUpgradeCheck = 0910;
				ORGANIZATIONNAME = "Suyash Taneja";
				TargetAttributes = {
					45936A5F1FADD4CB0066EF2C = {
						CreatedOnToolsVersion = 9.1;
						ProvisioningStyle = Automatic;
						SystemCapabilities = {
							com.apple.BackgroundModes = {
								enabled = 1;
							};
						};
					};
				};
			};
			buildConfigurationList = 45936A5B1FADD4CB0066EF2C /* Build configuration list for PBXProject "KisiBeacon" */;
			compatibilityVersion = "Xcode 8.0";
			developmentRegion = en;
			hasScannedForEncodings = 0;
			knownRegions = (
				en,
				Base,
			);
			mainGroup = 45936A571FADD4CB0066EF2C;
			productRefGroup = 45936A611FADD4CB0066EF2C /* Products */;
			projectDirPath = "";
			projectRoot = "";
			targets = (
				45936A5F1FADD4CB0066EF2C /* KisiBeacon */,
			);
		};
/* End PBXProject section */

/* Begin PBXResourcesBuildPhase section */
		45936A5E1FADD4CB0066EF2C /* Resources */ = {
			isa = PBXResourcesBuildPhase;
			buildActionMask = 2147483647;
			files = (
				45936A701FADD4CB0066EF2C /* LaunchScreen.storyboard in Resources */,
				45FCEC5C1FB8054A00D7A0A3 /* ProfileImageTableViewCell.xib in Resources */,
				45936A6D1FADD4CB0066EF2C /* Assets.xcassets in Resources */,
				45936A6B1FADD4CB0066EF2C /* Main.storyboard in Resources */,
			);
			runOnlyForDeploymentPostprocessing = 0;
		};
/* End PBXResourcesBuildPhase section */

/* Begin PBXSourcesBuildPhase section */
		45936A5C1FADD4CB0066EF2C /* Sources */ = {
			isa = PBXSourcesBuildPhase;
			buildActionMask = 2147483647;
			files = (
				45EF9A911FB4DCE700AF6A3B /* Constants.swift in Sources */,
				4566C76A1FB4B87A00D71ED6 /* UIColor+.swift in Sources */,
				45FCEC621FB8055600D7A0A3 /* DataManager.swift in Sources */,
				45FCEC7E1FB82B6600D7A0A3 /* KisiError.swift in Sources */,
				45FCEC611FB8055600D7A0A3 /* BeaconManager.swift in Sources */,
				45936A641FADD4CB0066EF2C /* AppDelegate.swift in Sources */,
				45FCEC6C1FB8056D00D7A0A3 /* ProfileViewController.swift in Sources */,
				45FCEC5B1FB8054A00D7A0A3 /* ProfileImageTableViewCell.swift in Sources */,
				45FCEC791FB808AB00D7A0A3 /* Data.xcdatamodeld in Sources */,
				45FCEC631FB8055600D7A0A3 /* KisiDoorManager.swift in Sources */,
				45FCEC7C1FB82ACE00D7A0A3 /* Door.swift in Sources */,
				45FCEC6D1FB8056D00D7A0A3 /* ReceiverViewController.swift in Sources */,
				45FCEC7A1FB808AB00D7A0A3 /* DataModel.xcdatamodeld in Sources */,
				45FCEC701FB8058200D7A0A3 /* CustomLockView.swift in Sources */,
				45FCEC731FB805A000D7A0A3 /* User.swift in Sources */,
			);
			runOnlyForDeploymentPostprocessing = 0;
		};
/* End PBXSourcesBuildPhase section */

/* Begin PBXVariantGroup section */
		45936A691FADD4CB0066EF2C /* Main.storyboard */ = {
			isa = PBXVariantGroup;
			children = (
				45936A6A1FADD4CB0066EF2C /* Base */,
			);
			name = Main.storyboard;
			sourceTree = "<group>";
		};
		45936A6E1FADD4CB0066EF2C /* LaunchScreen.storyboard */ = {
			isa = PBXVariantGroup;
			children = (
				45936A6F1FADD4CB0066EF2C /* Base */,
			);
			name = LaunchScreen.storyboard;
			sourceTree = "<group>";
		};
/* End PBXVariantGroup section */

/* Begin XCBuildConfiguration section */
		45936A881FADD4CC0066EF2C /* Debug */ = {
			isa = XCBuildConfiguration;
			buildSettings = {
				ALWAYS_SEARCH_USER_PATHS = NO;
				CLANG_ANALYZER_NONNULL = YES;
				CLANG_ANALYZER_NUMBER_OBJECT_CONVERSION = YES_AGGRESSIVE;
				CLANG_CXX_LANGUAGE_STANDARD = "gnu++14";
				CLANG_CXX_LIBRARY = "libc++";
				CLANG_ENABLE_MODULES = YES;
				CLANG_ENABLE_OBJC_ARC = YES;
				CLANG_WARN_BLOCK_CAPTURE_AUTORELEASING = YES;
				CLANG_WARN_BOOL_CONVERSION = YES;
				CLANG_WARN_COMMA = YES;
				CLANG_WARN_CONSTANT_CONVERSION = YES;
				CLANG_WARN_DIRECT_OBJC_ISA_USAGE = YES_ERROR;
				CLANG_WARN_DOCUMENTATION_COMMENTS = YES;
				CLANG_WARN_EMPTY_BODY = YES;
				CLANG_WARN_ENUM_CONVERSION = YES;
				CLANG_WARN_INFINITE_RECURSION = YES;
				CLANG_WARN_INT_CONVERSION = YES;
				CLANG_WARN_NON_LITERAL_NULL_CONVERSION = YES;
				CLANG_WARN_OBJC_LITERAL_CONVERSION = YES;
				CLANG_WARN_OBJC_ROOT_CLASS = YES_ERROR;
				CLANG_WARN_RANGE_LOOP_ANALYSIS = YES;
				CLANG_WARN_STRICT_PROTOTYPES = YES;
				CLANG_WARN_SUSPICIOUS_MOVE = YES;
				CLANG_WARN_UNGUARDED_AVAILABILITY = YES_AGGRESSIVE;
				CLANG_WARN_UNREACHABLE_CODE = YES;
				CLANG_WARN__DUPLICATE_METHOD_MATCH = YES;
				CODE_SIGN_IDENTITY = "iPhone Developer";
				COPY_PHASE_STRIP = NO;
				DEBUG_INFORMATION_FORMAT = dwarf;
				ENABLE_STRICT_OBJC_MSGSEND = YES;
				ENABLE_TESTABILITY = YES;
				GCC_C_LANGUAGE_STANDARD = gnu11;
				GCC_DYNAMIC_NO_PIC = NO;
				GCC_NO_COMMON_BLOCKS = YES;
				GCC_OPTIMIZATION_LEVEL = 0;
				GCC_PREPROCESSOR_DEFINITIONS = (
					"DEBUG=1",
					"$(inherited)",
				);
				GCC_WARN_64_TO_32_BIT_CONVERSION = YES;
				GCC_WARN_ABOUT_RETURN_TYPE = YES_ERROR;
				GCC_WARN_UNDECLARED_SELECTOR = YES;
				GCC_WARN_UNINITIALIZED_AUTOS = YES_AGGRESSIVE;
				GCC_WARN_UNUSED_FUNCTION = YES;
				GCC_WARN_UNUSED_VARIABLE = YES;
				IPHONEOS_DEPLOYMENT_TARGET = 11.1;
				MTL_ENABLE_DEBUG_INFO = YES;
				ONLY_ACTIVE_ARCH = YES;
				SDKROOT = iphoneos;
				SWIFT_ACTIVE_COMPILATION_CONDITIONS = DEBUG;
				SWIFT_OPTIMIZATION_LEVEL = "-Onone";
			};
			name = Debug;
		};
		45936A891FADD4CC0066EF2C /* Release */ = {
			isa = XCBuildConfiguration;
			buildSettings = {
				ALWAYS_SEARCH_USER_PATHS = NO;
				CLANG_ANALYZER_NONNULL = YES;
				CLANG_ANALYZER_NUMBER_OBJECT_CONVERSION = YES_AGGRESSIVE;
				CLANG_CXX_LANGUAGE_STANDARD = "gnu++14";
				CLANG_CXX_LIBRARY = "libc++";
				CLANG_ENABLE_MODULES = YES;
				CLANG_ENABLE_OBJC_ARC = YES;
				CLANG_WARN_BLOCK_CAPTURE_AUTORELEASING = YES;
				CLANG_WARN_BOOL_CONVERSION = YES;
				CLANG_WARN_COMMA = YES;
				CLANG_WARN_CONSTANT_CONVERSION = YES;
				CLANG_WARN_DIRECT_OBJC_ISA_USAGE = YES_ERROR;
				CLANG_WARN_DOCUMENTATION_COMMENTS = YES;
				CLANG_WARN_EMPTY_BODY = YES;
				CLANG_WARN_ENUM_CONVERSION = YES;
				CLANG_WARN_INFINITE_RECURSION = YES;
				CLANG_WARN_INT_CONVERSION = YES;
				CLANG_WARN_NON_LITERAL_NULL_CONVERSION = YES;
				CLANG_WARN_OBJC_LITERAL_CONVERSION = YES;
				CLANG_WARN_OBJC_ROOT_CLASS = YES_ERROR;
				CLANG_WARN_RANGE_LOOP_ANALYSIS = YES;
				CLANG_WARN_STRICT_PROTOTYPES = YES;
				CLANG_WARN_SUSPICIOUS_MOVE = YES;
				CLANG_WARN_UNGUARDED_AVAILABILITY = YES_AGGRESSIVE;
				CLANG_WARN_UNREACHABLE_CODE = YES;
				CLANG_WARN__DUPLICATE_METHOD_MATCH = YES;
				CODE_SIGN_IDENTITY = "iPhone Developer";
				COPY_PHASE_STRIP = NO;
				DEBUG_INFORMATION_FORMAT = "dwarf-with-dsym";
				ENABLE_NS_ASSERTIONS = NO;
				ENABLE_STRICT_OBJC_MSGSEND = YES;
				GCC_C_LANGUAGE_STANDARD = gnu11;
				GCC_NO_COMMON_BLOCKS = YES;
				GCC_WARN_64_TO_32_BIT_CONVERSION = YES;
				GCC_WARN_ABOUT_RETURN_TYPE = YES_ERROR;
				GCC_WARN_UNDECLARED_SELECTOR = YES;
				GCC_WARN_UNINITIALIZED_AUTOS = YES_AGGRESSIVE;
				GCC_WARN_UNUSED_FUNCTION = YES;
				GCC_WARN_UNUSED_VARIABLE = YES;
				IPHONEOS_DEPLOYMENT_TARGET = 11.1;
				MTL_ENABLE_DEBUG_INFO = NO;
				SDKROOT = iphoneos;
				SWIFT_OPTIMIZATION_LEVEL = "-Owholemodule";
				VALIDATE_PRODUCT = YES;
			};
			name = Release;
		};
		45936A8B1FADD4CC0066EF2C /* Debug */ = {
			isa = XCBuildConfiguration;
			buildSettings = {
				ASSETCATALOG_COMPILER_APPICON_NAME = AppIcon;
				CODE_SIGN_STYLE = Automatic;
				DEVELOPMENT_TEAM = J7HYPNGZV6;
				INFOPLIST_FILE = KisiBeacon/Info.plist;
				LD_RUNPATH_SEARCH_PATHS = "$(inherited) @executable_path/Frameworks";
				PRODUCT_BUNDLE_IDENTIFIER = qa.kisi.KisiBeacon;
				PRODUCT_NAME = "$(TARGET_NAME)";
				SWIFT_VERSION = 4.0;
				TARGETED_DEVICE_FAMILY = "1,2";
			};
			name = Debug;
		};
		45936A8C1FADD4CC0066EF2C /* Release */ = {
			isa = XCBuildConfiguration;
			buildSettings = {
				ASSETCATALOG_COMPILER_APPICON_NAME = AppIcon;
				CODE_SIGN_STYLE = Automatic;
				DEVELOPMENT_TEAM = J7HYPNGZV6;
				INFOPLIST_FILE = KisiBeacon/Info.plist;
				LD_RUNPATH_SEARCH_PATHS = "$(inherited) @executable_path/Frameworks";
				PRODUCT_BUNDLE_IDENTIFIER = qa.kisi.KisiBeacon;
				PRODUCT_NAME = "$(TARGET_NAME)";
				SWIFT_VERSION = 4.0;
				TARGETED_DEVICE_FAMILY = "1,2";
			};
			name = Release;
		};
/* End XCBuildConfiguration section */

/* Begin XCConfigurationList section */
		45936A5B1FADD4CB0066EF2C /* Build configuration list for PBXProject "KisiBeacon" */ = {
			isa = XCConfigurationList;
			buildConfigurations = (
				45936A881FADD4CC0066EF2C /* Debug */,
				45936A891FADD4CC0066EF2C /* Release */,
			);
			defaultConfigurationIsVisible = 0;
			defaultConfigurationName = Release;
		};
		45936A8A1FADD4CC0066EF2C /* Build configuration list for PBXNativeTarget "KisiBeacon" */ = {
			isa = XCConfigurationList;
			buildConfigurations = (
				45936A8B1FADD4CC0066EF2C /* Debug */,
				45936A8C1FADD4CC0066EF2C /* Release */,
			);
			defaultConfigurationIsVisible = 0;
			defaultConfigurationName = Release;
		};
/* End XCConfigurationList section */

/* Begin XCVersionGroup section */
		45FCEC751FB808AA00D7A0A3 /* Data.xcdatamodeld */ = {
			isa = XCVersionGroup;
			children = (
				45FCEC761FB808AA00D7A0A3 /* Data.xcdatamodel */,
			);
			currentVersion = 45FCEC761FB808AA00D7A0A3 /* Data.xcdatamodel */;
			path = Data.xcdatamodeld;
			sourceTree = "<group>";
			versionGroupType = wrapper.xcdatamodel;
		};
		45FCEC771FB808AA00D7A0A3 /* DataModel.xcdatamodeld */ = {
			isa = XCVersionGroup;
			children = (
				45FCEC781FB808AA00D7A0A3 /* Database.xcdatamodel */,
			);
			currentVersion = 45FCEC781FB808AA00D7A0A3 /* Database.xcdatamodel */;
			path = DataModel.xcdatamodeld;
			sourceTree = "<group>";
			versionGroupType = wrapper.xcdatamodel;
		};
/* End XCVersionGroup section */
	};
	rootObject = 45936A581FADD4CB0066EF2C /* Project object */;
}
